{
  "version": 4,
  "terraform_version": "1.11.4",
  "serial": 80,
  "lineage": "eff2f5cc-5225-4357-b3a6-b7986a2b1e43",
  "outputs": {},
  "resources": [
    {
      "mode": "managed",
      "type": "local_file",
      "name": "app_file",
      "provider": "provider[\"registry.terraform.io/hashicorp/local\"]",
      "instances": [
        {
          "schema_version": 0,
          "attributes": {
            "content": "from flask import Flask, render_template, request\r\n\r\napp = Flask(__name__)\r\n\r\n\r\n@app.route('/')\r\ndef index():\r\n    return render_template('index.html', message=\"Version A\")\r\n\r\n\r\n@app.route('/submit', methods=['POST'])\r\ndef submit():\r\n    name = request.form.get('name', 'Anonymous')\r\n    message = request.form.get('message', 'No message provided')\r\n    return render_template('result.html', name=name, message=message)\r\n\r\n\r\nif __name__ == '__main__':\r\n    app.run(debug=True)",
            "content_base64": null,
            "content_base64sha256": "93pe7X3Wwp7lSNcHJKlsJiZU1XVe4jKW1/zh28ImXI0=",
            "content_base64sha512": "DqS0/u0LWkFSBfmIExZ2T8XQpIjz2uVgIY3s5jbQZgSKQXtazg1v7S/6o0t+fGqLwvWFdbXfwPkc58zPxhNTig==",
            "content_md5": "1ba9e546fe2530aa12c4d64c6d191e5e",
            "content_sha1": "004c99ba650dd7f0e956dd145c2a585d1effc2e5",
            "content_sha256": "f77a5eed7dd6c29ee548d70724a96c262654d5755ee23296d7fce1dbc2265c8d",
            "content_sha512": "0ea4b4feed0b5a415205f9881316764fc5d0a488f3dae560218dece636d066048a417b5ace0d6fed2ffaa34b7e7c6a8bc2f58575b5dfc0f91ce7cccfc613538a",
            "directory_permission": "0777",
            "file_permission": "0644",
            "filename": "../production/app.py",
            "id": "004c99ba650dd7f0e956dd145c2a585d1effc2e5",
            "sensitive_content": null,
            "source": null
          },
          "sensitive_attributes": [
            [
              {
                "type": "get_attr",
                "value": "sensitive_content"
              }
            ]
          ],
          "dependencies": [
            "local_file.production_dir_marker"
          ]
        }
      ]
    },
    {
      "mode": "managed",
      "type": "local_file",
      "name": "index_html",
      "provider": "provider[\"registry.terraform.io/hashicorp/local\"]",
      "instances": [
        {
          "schema_version": 0,
          "attributes": {
            "content": "\u003c!DOCTYPE html\u003e\r\n\u003chtml\u003e\r\n\u003chead\u003e\r\n    \u003ctitle\u003eDevOps Demo App\u003c/title\u003e\r\n\u003c/head\u003e\r\n\u003cbody\u003e\r\n    \u003ch1\u003eWelcome to the DevOps Demo App - {{ message }}\u003c/h1\u003e \r\n    \u003cform action=\"/submit\" method=\"post\"\u003e\r\n        \u003cdiv\u003e\r\n            \u003clabel for=\"name\"\u003eYour Name:\u003c/label\u003e\r\n            \u003cinput type=\"text\" id=\"name\" name=\"name\" required\u003e\r\n        \u003c/div\u003e\r\n        \u003cdiv\u003e\r\n            \u003clabel for=\"message\"\u003eYour Message:\u003c/label\u003e\r\n            \u003ctextarea id=\"message\" name=\"message\" required\u003e\u003c/textarea\u003e\r\n        \u003c/div\u003e\r\n        \u003cbutton type=\"submit\"\u003eSubmit\u003c/button\u003e\r\n    \u003c/form\u003e\r\n\u003c/body\u003e\r\n\u003c/html\u003e",
            "content_base64": null,
            "content_base64sha256": "0VdgOmwOvKunhHgbCzvaX2WjmSpwFjfl7IEXpdFCvSc=",
            "content_base64sha512": "BmEDOZ6QkoGbIwtbLAARtPMwjpYILPfYmQARLFyJ9b8uw27VuOhSDuc9sZdH4tmufS1umlTJg1xtJt6FwWyAjg==",
            "content_md5": "7e31935b651a98cf0729f5fc9cb1727c",
            "content_sha1": "4b89bf22b58fcafe88e304836f9d4c051e4cf0a3",
            "content_sha256": "d157603a6c0ebcaba784781b0b3bda5f65a3992a701637e5ec8117a5d142bd27",
            "content_sha512": "066103399e9092819b230b5b2c0011b4f3308e96082cf7d89900112c5c89f5bf2ec36ed5b8e8520ee73db19747e2d9ae7d2d6e9a54c9835c6d26de85c16c808e",
            "directory_permission": "0777",
            "file_permission": "0644",
            "filename": "../production/templates/index.html",
            "id": "4b89bf22b58fcafe88e304836f9d4c051e4cf0a3",
            "sensitive_content": null,
            "source": null
          },
          "sensitive_attributes": [
            [
              {
                "type": "get_attr",
                "value": "sensitive_content"
              }
            ]
          ],
          "dependencies": [
            "local_file.production_dir_marker"
          ]
        }
      ]
    },
    {
      "mode": "managed",
      "type": "local_file",
      "name": "monitor_script",
      "provider": "provider[\"registry.terraform.io/hashicorp/local\"]",
      "instances": [
        {
          "schema_version": 0,
          "attributes": {
            "content": "#!/bin/bash\r\n\r\nAPP_URL=\"http://localhost:5000/\"\r\nLOG_FILE=\"monitor.log\"\r\nTIMESTAMP=$(date +\"%Y-%m-%d %H:%M:%S\")\r\n\r\nif curl -s -o /dev/null -w \"%{http_code}\" \"$APP_URL\" | grep -q \"200\"; then\r\n  STATUS=\"UP\"\r\nelse\r\n  STATUS=\"DOWN\"\r\nfi\r\n\r\necho \"$TIMESTAMP - Application Status: $STATUS\" \u003e\u003e \"$LOG_FILE\"\r\n\r\necho \"Current Application Status: $STATUS (logged to $LOG_FILE)\"\r\n",
            "content_base64": null,
            "content_base64sha256": "rGLm4MyzE+OSZ4pafm6edaNW+3aWvviH47dkbuGUKXQ=",
            "content_base64sha512": "2Dex1flAeHoYQUSAntiMgM/C/6jGI33IK207UTbzDbQPWtrQ8PTGTEKo/Z899TMbkJlPDvkvhsj4Wm6by4T7mg==",
            "content_md5": "82f92f328e93c0a829c2ed18017a11c6",
            "content_sha1": "ade825106a0efa147ebb8339e483bdd832fbd556",
            "content_sha256": "ac62e6e0ccb313e392678a5a7e6e9e75a356fb7696bef887e3b7646ee1942974",
            "content_sha512": "d837b1d5f940787a184144809ed88c80cfc2ffa8c6237dc82b6d3b5136f30db40f5adad0f0f4c64c42a8fd9f3df5331b90994f0ef92f86c8f85a6e9bcb84fb9a",
            "directory_permission": "0777",
            "file_permission": "0755",
            "filename": "../production/monitor.sh",
            "id": "ade825106a0efa147ebb8339e483bdd832fbd556",
            "sensitive_content": null,
            "source": null
          },
          "sensitive_attributes": [
            [
              {
                "type": "get_attr",
                "value": "sensitive_content"
              }
            ]
          ],
          "dependencies": [
            "local_file.production_dir_marker"
          ]
        }
      ]
    },
    {
      "mode": "managed",
      "type": "local_file",
      "name": "production_dir_marker",
      "provider": "provider[\"registry.terraform.io/hashicorp/local\"]",
      "instances": [
        {
          "schema_version": 0,
          "attributes": {
            "content": "",
            "content_base64": null,
            "content_base64sha256": "47DEQpj8HBSa+/TImW+5JCeuQeRkm5NMpJWZG3hSuFU=",
            "content_base64sha512": "z4PhNX7vuL3xVChQ1m2AB9Yg5AULVxXcg/SpIdNs6c5H0NE8XYXysP+DGNKHfuwvY7kxvUdBeoGlODJ6+SfaPg==",
            "content_md5": "d41d8cd98f00b204e9800998ecf8427e",
            "content_sha1": "da39a3ee5e6b4b0d3255bfef95601890afd80709",
            "content_sha256": "e3b0c44298fc1c149afbf4c8996fb92427ae41e4649b934ca495991b7852b855",
            "content_sha512": "cf83e1357eefb8bdf1542850d66d8007d620e4050b5715dc83f4a921d36ce9ce47d0d13c5d85f2b0ff8318d2877eec2f63b931bd47417a81a538327af927da3e",
            "directory_permission": "0755",
            "file_permission": "0644",
            "filename": "../production/.keep",
            "id": "da39a3ee5e6b4b0d3255bfef95601890afd80709",
            "sensitive_content": null,
            "source": null
          },
          "sensitive_attributes": [
            [
              {
                "type": "get_attr",
                "value": "sensitive_content"
              }
            ]
          ]
        }
      ]
    },
    {
      "mode": "managed",
      "type": "local_file",
      "name": "result_html",
      "provider": "provider[\"registry.terraform.io/hashicorp/local\"]",
      "instances": [
        {
          "schema_version": 0,
          "attributes": {
            "content": "\u003c!DOCTYPE html\u003e\r\n\u003chtml\u003e\r\n\u003chead\u003e\r\n    \u003ctitle\u003eSubmission Result\u003c/title\u003e\r\n\u003c/head\u003e\r\n\u003cbody\u003e\r\n    \u003ch1\u003eThank you for your submission!\u003c/h1\u003e\r\n    \u003cp\u003e\u003cstrong\u003eName:\u003c/strong\u003e {{ name }}\u003c/p\u003e\r\n    \u003cp\u003e\u003cstrong\u003eMessage:\u003c/strong\u003e {{ message }}\u003c/p\u003e\r\n    \u003ca href=\"/\"\u003eBack to home\u003c/a\u003e\r\n\u003c/body\u003e\r\n\u003c/html\u003e",
            "content_base64": null,
            "content_base64sha256": "s2Hj4JhoLUhuppImfbTbQjJaDFk2Ejw/4pMQcgNs5xo=",
            "content_base64sha512": "Q/ssRveNtbGI5ML1jk8HMVyZMdeK2l+KsnUqFpKHyxZvow8egl0RiQLzt5cMqiHSaKCGAUDYK3BQLrgISl34sw==",
            "content_md5": "d305ad254b88f675724a973be3b47288",
            "content_sha1": "9558102c6472294769a3c83e79c3f106b3b09904",
            "content_sha256": "b361e3e098682d486ea692267db4db42325a0c5936123c3fe2931072036ce71a",
            "content_sha512": "43fb2c46f78db5b188e4c2f58e4f07315c9931d78ada5f8ab2752a169287cb166fa30f1e825d118902f3b7970caa21d268a0860140d82b70502eb8084a5df8b3",
            "directory_permission": "0777",
            "file_permission": "0644",
            "filename": "../production/templates/result.html",
            "id": "9558102c6472294769a3c83e79c3f106b3b09904",
            "sensitive_content": null,
            "source": null
          },
          "sensitive_attributes": [
            [
              {
                "type": "get_attr",
                "value": "sensitive_content"
              }
            ]
          ],
          "dependencies": [
            "local_file.production_dir_marker"
          ]
        }
      ]
    },
    {
      "mode": "managed",
      "type": "local_file",
      "name": "templates_dir_marker",
      "provider": "provider[\"registry.terraform.io/hashicorp/local\"]",
      "instances": [
        {
          "schema_version": 0,
          "attributes": {
            "content": "",
            "content_base64": null,
            "content_base64sha256": "47DEQpj8HBSa+/TImW+5JCeuQeRkm5NMpJWZG3hSuFU=",
            "content_base64sha512": "z4PhNX7vuL3xVChQ1m2AB9Yg5AULVxXcg/SpIdNs6c5H0NE8XYXysP+DGNKHfuwvY7kxvUdBeoGlODJ6+SfaPg==",
            "content_md5": "d41d8cd98f00b204e9800998ecf8427e",
            "content_sha1": "da39a3ee5e6b4b0d3255bfef95601890afd80709",
            "content_sha256": "e3b0c44298fc1c149afbf4c8996fb92427ae41e4649b934ca495991b7852b855",
            "content_sha512": "cf83e1357eefb8bdf1542850d66d8007d620e4050b5715dc83f4a921d36ce9ce47d0d13c5d85f2b0ff8318d2877eec2f63b931bd47417a81a538327af927da3e",
            "directory_permission": "0755",
            "file_permission": "0644",
            "filename": "../production/templates/.keep",
            "id": "da39a3ee5e6b4b0d3255bfef95601890afd80709",
            "sensitive_content": null,
            "source": null
          },
          "sensitive_attributes": [
            [
              {
                "type": "get_attr",
                "value": "sensitive_content"
              }
            ]
          ],
          "dependencies": [
            "local_file.production_dir_marker"
          ]
        }
      ]
    },
    {
      "mode": "managed",
      "type": "local_file",
      "name": "test_file",
      "provider": "provider[\"registry.terraform.io/hashicorp/local\"]",
      "instances": [
        {
          "schema_version": 0,
          "attributes": {
            "content": "import pytest\r\nfrom app import app as flask_app \r\n\r\n@pytest.fixture\r\ndef client():\r\n    flask_app.config['TESTING'] = True\r\n    with flask_app.test_client() as client:\r\n        yield client\r\ndef test_index_route(client):\r\n    response = client.get('/')\r\n    assert response.status_code == 200\r\n    assert b'Welcome to the DevOps Demo App' in response.data\r\ndef test_submit_form(client):\r\n    response = client.post('/submit', data={\r\n        'name': 'Test User',\r\n        'message': 'Hello, DevOps!'\r\n    })\r\n    assert response.status_code == 200\r\n    assert b'Test User' in response.data\r\n    assert b'Hello, DevOps!' in response.data",
            "content_base64": null,
            "content_base64sha256": "dypMmhwuK+s9x/rlNJWP9UZy8PVaua+Z/RomHe1/u2A=",
            "content_base64sha512": "OYf2+aGHWy+6HjSEbp5N6Ewlu2CUgeDmoG4EKHHYALly7dMEP8OsNKEKNDYf4eIyhLhqvPpdjxc6szk5toynUA==",
            "content_md5": "371a3f8d7cb76f6bb5ad7ee01982894b",
            "content_sha1": "f287e365e0fc73875450cddd5c5511654806113a",
            "content_sha256": "772a4c9a1c2e2beb3dc7fae534958ff54672f0f55ab9af99fd1a261ded7fbb60",
            "content_sha512": "3987f6f9a1875b2fba1e34846e9e4de84c25bb609481e0e6a06e042871d800b972edd3043fc3ac34a10a34361fe1e23284b86abcfa5d8f173ab33939b68ca750",
            "directory_permission": "0777",
            "file_permission": "0644",
            "filename": "../production/test_flask_app.py",
            "id": "f287e365e0fc73875450cddd5c5511654806113a",
            "sensitive_content": null,
            "source": null
          },
          "sensitive_attributes": [
            [
              {
                "type": "get_attr",
                "value": "sensitive_content"
              }
            ]
          ],
          "dependencies": [
            "local_file.production_dir_marker"
          ]
        }
      ]
    }
  ],
  "check_results": null
}
